// !$*UTF8*$!
{
	archiveVersion = 1;
	classes = {
	};
	objectVersion = 77;
	objects = {

/* Begin PBXBuildFile section */
		165214562CE496ED006A3804 /* ASMusicKit.framework in Frameworks */ = {isa = PBXBuildFile; fileRef = 1652144F2CE495FE006A3804 /* ASMusicKit.framework */; };
		165214572CE496ED006A3804 /* ASMusicKit.framework in Embed Frameworks */ = {isa = PBXBuildFile; fileRef = 1652144F2CE495FE006A3804 /* ASMusicKit.framework */; settings = {ATTRIBUTES = (CodeSignOnCopy, RemoveHeadersOnCopy, ); }; };
		165216942CE4A7CC006A3804 /* FirebaseAuth in Frameworks */ = {isa = PBXBuildFile; productRef = 165216932CE4A7CC006A3804 /* FirebaseAuth */; };
		165216962CE4A7CC006A3804 /* FirebaseDatabase in Frameworks */ = {isa = PBXBuildFile; productRef = 165216952CE4A7CC006A3804 /* FirebaseDatabase */; };
		165216982CE4A7CC006A3804 /* FirebaseFirestore in Frameworks */ = {isa = PBXBuildFile; productRef = 165216972CE4A7CC006A3804 /* FirebaseFirestore */; };
		4E8907B42CE2415700D5B547 /* ASAudioKit.framework in Frameworks */ = {isa = PBXBuildFile; fileRef = 4E8907A52CE240B300D5B547 /* ASAudioKit.framework */; };
		4E8907B52CE2415700D5B547 /* ASAudioKit.framework in Embed Frameworks */ = {isa = PBXBuildFile; fileRef = 4E8907A52CE240B300D5B547 /* ASAudioKit.framework */; settings = {ATTRIBUTES = (CodeSignOnCopy, RemoveHeadersOnCopy, ); }; };
/* End PBXBuildFile section */

/* Begin PBXContainerItemProxy section */
		1652144E2CE495FE006A3804 /* PBXContainerItemProxy */ = {
			isa = PBXContainerItemProxy;
			containerPortal = 8D4F316A2CE3804B00E13720 /* ASMusicKit.xcodeproj */;
			proxyType = 2;
			remoteGlobalIDString = 1652142E2CE495FE006A3804;
			remoteInfo = ASMusicKit;
		};
		4E8907A42CE240B300D5B547 /* PBXContainerItemProxy */ = {
			isa = PBXContainerItemProxy;
			containerPortal = 4E89079C2CE240B300D5B547 /* ASAudioKit.xcodeproj */;
			proxyType = 2;
			remoteGlobalIDString = 4E89071E2CE23D1B00D5B547;
			remoteInfo = ASAudioKit;
		};
/* End PBXContainerItemProxy section */

/* Begin PBXCopyFilesBuildPhase section */
		4E8907B62CE2415800D5B547 /* Embed Frameworks */ = {
			isa = PBXCopyFilesBuildPhase;
			buildActionMask = 2147483647;
			dstPath = "";
			dstSubfolderSpec = 10;
			files = (
				4E8907B52CE2415700D5B547 /* ASAudioKit.framework in Embed Frameworks */,
				165214572CE496ED006A3804 /* ASMusicKit.framework in Embed Frameworks */,
			);
			name = "Embed Frameworks";
			runOnlyForDeploymentPostprocessing = 0;
		};
/* End PBXCopyFilesBuildPhase section */

/* Begin PBXFileReference section */
		165214502CE496D0006A3804 /* ASMusicKit.xcodeproj */ = {isa = PBXFileReference; lastKnownFileType = "wrapper.pb-project"; path = ASMusicKit.xcodeproj; sourceTree = "<group>"; };
		4E89079C2CE240B300D5B547 /* ASAudioKit.xcodeproj */ = {isa = PBXFileReference; lastKnownFileType = "wrapper.pb-project"; path = ASAudioKit.xcodeproj; sourceTree = "<group>"; };
		8D4F316A2CE3804B00E13720 /* ASMusicKit.xcodeproj */ = {isa = PBXFileReference; lastKnownFileType = "wrapper.pb-project"; path = ASMusicKit.xcodeproj; sourceTree = "<group>"; };
		8D69A5922CDC5A83006B9075 /* alsongDalsong.app */ = {isa = PBXFileReference; explicitFileType = wrapper.application; includeInIndex = 0; path = alsongDalsong.app; sourceTree = BUILT_PRODUCTS_DIR; };
/* End PBXFileReference section */

/* Begin PBXFileSystemSynchronizedBuildFileExceptionSet section */
		8D69A5A42CDC5A85006B9075 /* Exceptions for "alsongDalsong" folder in "alsongDalsong" target */ = {
			isa = PBXFileSystemSynchronizedBuildFileExceptionSet;
			membershipExceptions = (
				Info.plist,
			);
			target = 8D69A5912CDC5A83006B9075 /* alsongDalsong */;
		};
/* End PBXFileSystemSynchronizedBuildFileExceptionSet section */

/* Begin PBXFileSystemSynchronizedRootGroup section */
		8D69A5942CDC5A83006B9075 /* alsongDalsong */ = {
			isa = PBXFileSystemSynchronizedRootGroup;
			exceptions = (
				8D69A5A42CDC5A85006B9075 /* Exceptions for "alsongDalsong" folder in "alsongDalsong" target */,
			);
			path = alsongDalsong;
			sourceTree = "<group>";
		};
/* End PBXFileSystemSynchronizedRootGroup section */

/* Begin PBXFrameworksBuildPhase section */
		8D69A58F2CDC5A83006B9075 /* Frameworks */ = {
			isa = PBXFrameworksBuildPhase;
			buildActionMask = 2147483647;
			files = (
				4E8907B42CE2415700D5B547 /* ASAudioKit.framework in Frameworks */,
				165216942CE4A7CC006A3804 /* FirebaseAuth in Frameworks */,
				165216962CE4A7CC006A3804 /* FirebaseDatabase in Frameworks */,
				165216982CE4A7CC006A3804 /* FirebaseFirestore in Frameworks */,
				165214562CE496ED006A3804 /* ASMusicKit.framework in Frameworks */,
			);
			runOnlyForDeploymentPostprocessing = 0;
		};
/* End PBXFrameworksBuildPhase section */

/* Begin PBXGroup section */
		165214512CE496D0006A3804 /* Products */ = {
			isa = PBXGroup;
			children = (
			);
			name = Products;
			sourceTree = "<group>";
		};
		4E89079D2CE240B300D5B547 /* Products */ = {
			isa = PBXGroup;
			children = (
				4E8907A52CE240B300D5B547 /* ASAudioKit.framework */,
			);
			name = Products;
			sourceTree = "<group>";
		};
		4E8907B32CE2415700D5B547 /* Frameworks */ = {
			isa = PBXGroup;
			children = (
			);
			name = Frameworks;
			sourceTree = "<group>";
		};
		8D4F316B2CE3804B00E13720 /* Products */ = {
			isa = PBXGroup;
			children = (
				1652144F2CE495FE006A3804 /* ASMusicKit.framework */,
			);
			name = Products;
			sourceTree = "<group>";
		};
		8D69A5892CDC5A83006B9075 = {
			isa = PBXGroup;
			children = (
				165214502CE496D0006A3804 /* ASMusicKit.xcodeproj */,
				4E89079C2CE240B300D5B547 /* ASAudioKit.xcodeproj */,
				8D69A5942CDC5A83006B9075 /* alsongDalsong */,
				4E8907B32CE2415700D5B547 /* Frameworks */,
				8D69A5932CDC5A83006B9075 /* Products */,
				8D9C31952CE47A8000F6E69C /* Recovered References */,
			);
			sourceTree = "<group>";
		};
		8D69A5932CDC5A83006B9075 /* Products */ = {
			isa = PBXGroup;
			children = (
				8D69A5922CDC5A83006B9075 /* alsongDalsong.app */,
			);
			name = Products;
			sourceTree = "<group>";
		};
		8D9C31952CE47A8000F6E69C /* Recovered References */ = {
			isa = PBXGroup;
			children = (
			);
			name = "Recovered References";
			sourceTree = "<group>";
		};
/* End PBXGroup section */

/* Begin PBXNativeTarget section */
		8D69A5912CDC5A83006B9075 /* alsongDalsong */ = {
			isa = PBXNativeTarget;
			buildConfigurationList = 8D69A5A52CDC5A85006B9075 /* Build configuration list for PBXNativeTarget "alsongDalsong" */;
			buildPhases = (
				8D69A58E2CDC5A83006B9075 /* Sources */,
				8D69A58F2CDC5A83006B9075 /* Frameworks */,
				8D69A5902CDC5A83006B9075 /* Resources */,
				1BBE1CB32CE47C920052A698 /* SwiftLint Script */,
				4E8907B62CE2415800D5B547 /* Embed Frameworks */,
			);
			buildRules = (
			);
			dependencies = (
			);
			fileSystemSynchronizedGroups = (
				8D69A5942CDC5A83006B9075 /* alsongDalsong */,
			);
			name = alsongDalsong;
			packageProductDependencies = (
				165216932CE4A7CC006A3804 /* FirebaseAuth */,
				165216952CE4A7CC006A3804 /* FirebaseDatabase */,
				165216972CE4A7CC006A3804 /* FirebaseFirestore */,
			);
			productName = alsongDalsong;
			productReference = 8D69A5922CDC5A83006B9075 /* alsongDalsong.app */;
			productType = "com.apple.product-type.application";
		};
/* End PBXNativeTarget section */

/* Begin PBXProject section */
		8D69A58A2CDC5A83006B9075 /* Project object */ = {
			isa = PBXProject;
			attributes = {
				BuildIndependentTargetsInParallel = 1;
				LastSwiftUpdateCheck = 1600;
				LastUpgradeCheck = 1600;
				TargetAttributes = {
					8D69A5912CDC5A83006B9075 = {
						CreatedOnToolsVersion = 16.0;
					};
				};
			};
			buildConfigurationList = 8D69A58D2CDC5A83006B9075 /* Build configuration list for PBXProject "alsongDalsong" */;
			developmentRegion = en;
			hasScannedForEncodings = 0;
			knownRegions = (
				en,
				Base,
			);
			mainGroup = 8D69A5892CDC5A83006B9075;
			minimizedProjectReferenceProxies = 1;
			packageReferences = (
				165216922CE4A7CC006A3804 /* XCRemoteSwiftPackageReference "firebase-ios-sdk" */,
			);
			preferredProjectObjectVersion = 77;
			productRefGroup = 8D69A5932CDC5A83006B9075 /* Products */;
			projectDirPath = "";
			projectReferences = (
				{
					ProductGroup = 4E89079D2CE240B300D5B547 /* Products */;
					ProjectRef = 4E89079C2CE240B300D5B547 /* ASAudioKit.xcodeproj */;
				},
				{
					ProductGroup = 8D4F316B2CE3804B00E13720 /* Products */;
					ProjectRef = 8D4F316A2CE3804B00E13720 /* ASMusicKit.xcodeproj */;
				},
				{
					ProductGroup = 165214512CE496D0006A3804 /* Products */;
					ProjectRef = 165214502CE496D0006A3804 /* ASMusicKit.xcodeproj */;
				},
			);
			projectRoot = "";
			targets = (
				8D69A5912CDC5A83006B9075 /* alsongDalsong */,
			);
		};
/* End PBXProject section */

/* Begin PBXReferenceProxy section */
		1652144F2CE495FE006A3804 /* ASMusicKit.framework */ = {
			isa = PBXReferenceProxy;
			fileType = wrapper.framework;
			path = ASMusicKit.framework;
			remoteRef = 1652144E2CE495FE006A3804 /* PBXContainerItemProxy */;
			sourceTree = BUILT_PRODUCTS_DIR;
		};
		4E8907A52CE240B300D5B547 /* ASAudioKit.framework */ = {
			isa = PBXReferenceProxy;
			fileType = wrapper.framework;
			path = ASAudioKit.framework;
			remoteRef = 4E8907A42CE240B300D5B547 /* PBXContainerItemProxy */;
			sourceTree = BUILT_PRODUCTS_DIR;
		};
/* End PBXReferenceProxy section */

/* Begin PBXResourcesBuildPhase section */
		8D69A5902CDC5A83006B9075 /* Resources */ = {
			isa = PBXResourcesBuildPhase;
			buildActionMask = 2147483647;
			files = (
			);
			runOnlyForDeploymentPostprocessing = 0;
		};
/* End PBXResourcesBuildPhase section */

/* Begin PBXShellScriptBuildPhase section */
		1BBE1CB32CE47C920052A698 /* SwiftLint Script */ = {
			isa = PBXShellScriptBuildPhase;
			alwaysOutOfDate = 1;
			buildActionMask = 2147483647;
			files = (
			);
			inputFileListPaths = (
			);
			inputPaths = (
			);
			name = "SwiftLint Script";
			outputFileListPaths = (
			);
			outputPaths = (
			);
			runOnlyForDeploymentPostprocessing = 0;
			shellPath = /bin/sh;
			shellScript = "if [[ \"$(uname -m)\" == arm64 ]]; then\n    export PATH=\"/opt/homebrew/bin:$PATH\"\nfi\n\nif which swiftlint > /dev/null; then\n  swiftlint --fix && swiftlint\nelse\n  echo \"warning: SwiftLint not installed, download from https://github.com/realm/SwiftLint\"\nfi\n";
		};
/* End PBXShellScriptBuildPhase section */

/* Begin PBXSourcesBuildPhase section */
		8D69A58E2CDC5A83006B9075 /* Sources */ = {
			isa = PBXSourcesBuildPhase;
			buildActionMask = 2147483647;
			files = (
			);
			runOnlyForDeploymentPostprocessing = 0;
		};
/* End PBXSourcesBuildPhase section */

/* Begin XCBuildConfiguration section */
		8D69A5A62CDC5A85006B9075 /* Debug */ = {
			isa = XCBuildConfiguration;
			buildSettings = {
				ASSETCATALOG_COMPILER_APPICON_NAME = AppIcon;
				ASSETCATALOG_COMPILER_GLOBAL_ACCENT_COLOR_NAME = AccentColor;
				CODE_SIGN_STYLE = Automatic;
				CURRENT_PROJECT_VERSION = 1;
				DEVELOPMENT_TEAM = B3PWYBKFUK;
				ENABLE_USER_SCRIPT_SANDBOXING = NO;
				GENERATE_INFOPLIST_FILE = YES;
				INFOPLIST_FILE = alsongDalsong/Info.plist;
				INFOPLIST_KEY_CFBundleDisplayName = "알쏭달쏭";
				INFOPLIST_KEY_LSApplicationCategoryType = "public.app-category.music-games";
				INFOPLIST_KEY_UIApplicationSupportsIndirectInputEvents = YES;
				INFOPLIST_KEY_UILaunchStoryboardName = LaunchScreen;
				INFOPLIST_KEY_UIStatusBarHidden = YES;
				INFOPLIST_KEY_UISupportedInterfaceOrientations = UIInterfaceOrientationPortrait;
				IPHONEOS_DEPLOYMENT_TARGET = 16.6;
				LD_RUNPATH_SEARCH_PATHS = (
					"$(inherited)",
					"@executable_path/Frameworks",
				);
				MARKETING_VERSION = 0.0.1;
				PRODUCT_BUNDLE_IDENTIFIER = kr.codesquad.boostcamp9.alsongDalsong;
				PRODUCT_NAME = "$(TARGET_NAME)";
				SUPPORTED_PLATFORMS = "iphoneos iphonesimulator";
				SUPPORTS_MACCATALYST = NO;
				SUPPORTS_MAC_DESIGNED_FOR_IPHONE_IPAD = NO;
				SUPPORTS_XR_DESIGNED_FOR_IPHONE_IPAD = NO;
				SWIFT_EMIT_LOC_STRINGS = YES;
				SWIFT_VERSION = 6.0;
				TARGETED_DEVICE_FAMILY = "1,2";
			};
			name = Debug;
		};
		8D69A5A72CDC5A85006B9075 /* Release */ = {
			isa = XCBuildConfiguration;
			buildSettings = {
				ASSETCATALOG_COMPILER_APPICON_NAME = AppIcon;
				ASSETCATALOG_COMPILER_GLOBAL_ACCENT_COLOR_NAME = AccentColor;
				CODE_SIGN_STYLE = Automatic;
				CURRENT_PROJECT_VERSION = 1;
				DEVELOPMENT_TEAM = B3PWYBKFUK;
				ENABLE_USER_SCRIPT_SANDBOXING = NO;
				GENERATE_INFOPLIST_FILE = YES;
				INFOPLIST_FILE = alsongDalsong/Info.plist;
				INFOPLIST_KEY_CFBundleDisplayName = "알쏭달쏭";
				INFOPLIST_KEY_LSApplicationCategoryType = "public.app-category.music-games";
				INFOPLIST_KEY_UIApplicationSupportsIndirectInputEvents = YES;
				INFOPLIST_KEY_UILaunchStoryboardName = LaunchScreen;
				INFOPLIST_KEY_UIStatusBarHidden = YES;
				INFOPLIST_KEY_UISupportedInterfaceOrientations = UIInterfaceOrientationPortrait;
				IPHONEOS_DEPLOYMENT_TARGET = 16.6;
				LD_RUNPATH_SEARCH_PATHS = (
					"$(inherited)",
					"@executable_path/Frameworks",
				);
				MARKETING_VERSION = 0.0.1;
				PRODUCT_BUNDLE_IDENTIFIER = kr.codesquad.boostcamp9.alsongDalsong;
				PRODUCT_NAME = "$(TARGET_NAME)";
				SUPPORTED_PLATFORMS = "iphoneos iphonesimulator";
				SUPPORTS_MACCATALYST = NO;
				SUPPORTS_MAC_DESIGNED_FOR_IPHONE_IPAD = NO;
				SUPPORTS_XR_DESIGNED_FOR_IPHONE_IPAD = NO;
				SWIFT_EMIT_LOC_STRINGS = YES;
				SWIFT_VERSION = 6.0;
				TARGETED_DEVICE_FAMILY = "1,2";
			};
			name = Release;
		};
		8D69A5A82CDC5A85006B9075 /* Debug */ = {
			isa = XCBuildConfiguration;
			buildSettings = {
				ALWAYS_SEARCH_USER_PATHS = NO;
				ASSETCATALOG_COMPILER_GENERATE_SWIFT_ASSET_SYMBOL_EXTENSIONS = YES;
				CLANG_ANALYZER_NONNULL = YES;
				CLANG_ANALYZER_NUMBER_OBJECT_CONVERSION = YES_AGGRESSIVE;
				CLANG_CXX_LANGUAGE_STANDARD = "gnu++20";
				CLANG_ENABLE_MODULES = YES;
				CLANG_ENABLE_OBJC_ARC = YES;
				CLANG_ENABLE_OBJC_WEAK = YES;
				CLANG_WARN_BLOCK_CAPTURE_AUTORELEASING = YES;
				CLANG_WARN_BOOL_CONVERSION = YES;
				CLANG_WARN_COMMA = YES;
				CLANG_WARN_CONSTANT_CONVERSION = YES;
				CLANG_WARN_DEPRECATED_OBJC_IMPLEMENTATIONS = YES;
				CLANG_WARN_DIRECT_OBJC_ISA_USAGE = YES_ERROR;
				CLANG_WARN_DOCUMENTATION_COMMENTS = YES;
				CLANG_WARN_EMPTY_BODY = YES;
				CLANG_WARN_ENUM_CONVERSION = YES;
				CLANG_WARN_INFINITE_RECURSION = YES;
				CLANG_WARN_INT_CONVERSION = YES;
				CLANG_WARN_NON_LITERAL_NULL_CONVERSION = YES;
				CLANG_WARN_OBJC_IMPLICIT_RETAIN_SELF = YES;
				CLANG_WARN_OBJC_LITERAL_CONVERSION = YES;
				CLANG_WARN_OBJC_ROOT_CLASS = YES_ERROR;
				CLANG_WARN_QUOTED_INCLUDE_IN_FRAMEWORK_HEADER = YES;
				CLANG_WARN_RANGE_LOOP_ANALYSIS = YES;
				CLANG_WARN_STRICT_PROTOTYPES = YES;
				CLANG_WARN_SUSPICIOUS_MOVE = YES;
				CLANG_WARN_UNGUARDED_AVAILABILITY = YES_AGGRESSIVE;
				CLANG_WARN_UNREACHABLE_CODE = YES;
				CLANG_WARN__DUPLICATE_METHOD_MATCH = YES;
				COPY_PHASE_STRIP = NO;
				DEBUG_INFORMATION_FORMAT = dwarf;
				ENABLE_STRICT_OBJC_MSGSEND = YES;
				ENABLE_TESTABILITY = YES;
				ENABLE_USER_SCRIPT_SANDBOXING = YES;
				GCC_C_LANGUAGE_STANDARD = gnu17;
				GCC_DYNAMIC_NO_PIC = NO;
				GCC_NO_COMMON_BLOCKS = YES;
				GCC_OPTIMIZATION_LEVEL = 0;
				GCC_PREPROCESSOR_DEFINITIONS = (
					"DEBUG=1",
					"$(inherited)",
				);
				GCC_WARN_64_TO_32_BIT_CONVERSION = YES;
				GCC_WARN_ABOUT_RETURN_TYPE = YES_ERROR;
				GCC_WARN_UNDECLARED_SELECTOR = YES;
				GCC_WARN_UNINITIALIZED_AUTOS = YES_AGGRESSIVE;
				GCC_WARN_UNUSED_FUNCTION = YES;
				GCC_WARN_UNUSED_VARIABLE = YES;
				IPHONEOS_DEPLOYMENT_TARGET = 18.0;
				LOCALIZATION_PREFERS_STRING_CATALOGS = YES;
				MTL_ENABLE_DEBUG_INFO = INCLUDE_SOURCE;
				MTL_FAST_MATH = YES;
				ONLY_ACTIVE_ARCH = YES;
				SDKROOT = iphoneos;
				SWIFT_ACTIVE_COMPILATION_CONDITIONS = "DEBUG $(inherited)";
				SWIFT_OPTIMIZATION_LEVEL = "-Onone";
			};
			name = Debug;
		};
		8D69A5A92CDC5A85006B9075 /* Release */ = {
			isa = XCBuildConfiguration;
			buildSettings = {
				ALWAYS_SEARCH_USER_PATHS = NO;
				ASSETCATALOG_COMPILER_GENERATE_SWIFT_ASSET_SYMBOL_EXTENSIONS = YES;
				CLANG_ANALYZER_NONNULL = YES;
				CLANG_ANALYZER_NUMBER_OBJECT_CONVERSION = YES_AGGRESSIVE;
				CLANG_CXX_LANGUAGE_STANDARD = "gnu++20";
				CLANG_ENABLE_MODULES = YES;
				CLANG_ENABLE_OBJC_ARC = YES;
				CLANG_ENABLE_OBJC_WEAK = YES;
				CLANG_WARN_BLOCK_CAPTURE_AUTORELEASING = YES;
				CLANG_WARN_BOOL_CONVERSION = YES;
				CLANG_WARN_COMMA = YES;
				CLANG_WARN_CONSTANT_CONVERSION = YES;
				CLANG_WARN_DEPRECATED_OBJC_IMPLEMENTATIONS = YES;
				CLANG_WARN_DIRECT_OBJC_ISA_USAGE = YES_ERROR;
				CLANG_WARN_DOCUMENTATION_COMMENTS = YES;
				CLANG_WARN_EMPTY_BODY = YES;
				CLANG_WARN_ENUM_CONVERSION = YES;
				CLANG_WARN_INFINITE_RECURSION = YES;
				CLANG_WARN_INT_CONVERSION = YES;
				CLANG_WARN_NON_LITERAL_NULL_CONVERSION = YES;
				CLANG_WARN_OBJC_IMPLICIT_RETAIN_SELF = YES;
				CLANG_WARN_OBJC_LITERAL_CONVERSION = YES;
				CLANG_WARN_OBJC_ROOT_CLASS = YES_ERROR;
				CLANG_WARN_QUOTED_INCLUDE_IN_FRAMEWORK_HEADER = YES;
				CLANG_WARN_RANGE_LOOP_ANALYSIS = YES;
				CLANG_WARN_STRICT_PROTOTYPES = YES;
				CLANG_WARN_SUSPICIOUS_MOVE = YES;
				CLANG_WARN_UNGUARDED_AVAILABILITY = YES_AGGRESSIVE;
				CLANG_WARN_UNREACHABLE_CODE = YES;
				CLANG_WARN__DUPLICATE_METHOD_MATCH = YES;
				COPY_PHASE_STRIP = NO;
				DEBUG_INFORMATION_FORMAT = "dwarf-with-dsym";
				ENABLE_NS_ASSERTIONS = NO;
				ENABLE_STRICT_OBJC_MSGSEND = YES;
				ENABLE_USER_SCRIPT_SANDBOXING = YES;
				GCC_C_LANGUAGE_STANDARD = gnu17;
				GCC_NO_COMMON_BLOCKS = YES;
				GCC_WARN_64_TO_32_BIT_CONVERSION = YES;
				GCC_WARN_ABOUT_RETURN_TYPE = YES_ERROR;
				GCC_WARN_UNDECLARED_SELECTOR = YES;
				GCC_WARN_UNINITIALIZED_AUTOS = YES_AGGRESSIVE;
				GCC_WARN_UNUSED_FUNCTION = YES;
				GCC_WARN_UNUSED_VARIABLE = YES;
				IPHONEOS_DEPLOYMENT_TARGET = 18.0;
				LOCALIZATION_PREFERS_STRING_CATALOGS = YES;
				MTL_ENABLE_DEBUG_INFO = NO;
				MTL_FAST_MATH = YES;
				SDKROOT = iphoneos;
				SWIFT_COMPILATION_MODE = wholemodule;
				VALIDATE_PRODUCT = YES;
			};
			name = Release;
		};
/* End XCBuildConfiguration section */

/* Begin XCConfigurationList section */
		8D69A58D2CDC5A83006B9075 /* Build configuration list for PBXProject "alsongDalsong" */ = {
			isa = XCConfigurationList;
			buildConfigurations = (
				8D69A5A82CDC5A85006B9075 /* Debug */,
				8D69A5A92CDC5A85006B9075 /* Release */,
			);
			defaultConfigurationIsVisible = 0;
			defaultConfigurationName = Release;
		};
		8D69A5A52CDC5A85006B9075 /* Build configuration list for PBXNativeTarget "alsongDalsong" */ = {
			isa = XCConfigurationList;
			buildConfigurations = (
				8D69A5A62CDC5A85006B9075 /* Debug */,
				8D69A5A72CDC5A85006B9075 /* Release */,
			);
			defaultConfigurationIsVisible = 0;
			defaultConfigurationName = Release;
		};
/* End XCConfigurationList section */

/* Begin XCRemoteSwiftPackageReference section */
		165216922CE4A7CC006A3804 /* XCRemoteSwiftPackageReference "firebase-ios-sdk" */ = {
			isa = XCRemoteSwiftPackageReference;
			repositoryURL = "https://github.com/firebase/firebase-ios-sdk";
			requirement = {
				kind = upToNextMajorVersion;
				minimumVersion = 11.5.0;
			};
		};
/* End XCRemoteSwiftPackageReference section */

/* Begin XCSwiftPackageProductDependency section */
		165216932CE4A7CC006A3804 /* FirebaseAuth */ = {
			isa = XCSwiftPackageProductDependency;
			package = 165216922CE4A7CC006A3804 /* XCRemoteSwiftPackageReference "firebase-ios-sdk" */;
			productName = FirebaseAuth;
		};
		165216952CE4A7CC006A3804 /* FirebaseDatabase */ = {
			isa = XCSwiftPackageProductDependency;
			package = 165216922CE4A7CC006A3804 /* XCRemoteSwiftPackageReference "firebase-ios-sdk" */;
			productName = FirebaseDatabase;
		};
		165216972CE4A7CC006A3804 /* FirebaseFirestore */ = {
			isa = XCSwiftPackageProductDependency;
			package = 165216922CE4A7CC006A3804 /* XCRemoteSwiftPackageReference "firebase-ios-sdk" */;
			productName = FirebaseFirestore;
		};
/* End XCSwiftPackageProductDependency section */
	};
	rootObject = 8D69A58A2CDC5A83006B9075 /* Project object */;
}
